{
  "name": "japgar-worry",
  "version": "1.0.1",
  "lockfileVersion": 1,
  "requires": true,
  "dependencies": {
    "sixargs": {
      "version": "1.0.0",
      "resolved": "https://registry.npmjs.org/sixargs/-/sixargs-1.0.0.tgz",
      "integrity": "sha512-VPrdEn0VbapTTXzfqGIeW+EvqKfNohNynWcKyts5D0JNd7h4KryiWsZDy9gek/rNZ2YcMZ5E2omDb/jXSXrsxg=="
    }
  }
}
